Microsoft Visual Studio Solution File, Format Version 12.00
# Visual Studio Version 17
VisualStudioVersion = 17.5.2.0
MinimumVisualStudioVersion = 10.0.40219.1
Project("{FAE04EC0-301F-11D3-BF4B-00C04F79EFBC}") = "Week 3", "Week 3.csproj", "{103BE4BB-36C6-ECB5-CF1E-ECA8B531A671}"
EndProject
Global
	GlobalSection(SolutionConfigurationPlatforms) = preSolution
		Debug|Any CPU = Debug|Any CPU
		Release|Any CPU = Release|Any CPU
	EndGlobalSection
	GlobalSection(ProjectConfigurationPlatforms) = postSolution
		{103BE4BB-36C6-ECB5-CF1E-ECA8B531A671}.Debug|Any CPU.ActiveCfg = Debug|Any CPU
		{103BE4BB-36C6-ECB5-CF1E-ECA8B531A671}.Debug|Any CPU.Build.0 = Debug|Any CPU
		{103BE4BB-36C6-ECB5-CF1E-ECA8B531A671}.Release|Any CPU.ActiveCfg = Release|Any CPU
		{103BE4BB-36C6-ECB5-CF1E-ECA8B531A671}.Release|Any CPU.Build.0 = Release|Any CPU
	EndGlobalSection
	GlobalSection(SolutionProperties) = preSolution
		HideSolutionNode = FALSE
	EndGlobalSection
	GlobalSection(ExtensibilityGlobals) = postSolution
		SolutionGuid = {90D3D336-62DE-4579-B837-7D9367637729}
	EndGlobalSection
EndGlobal
